[[package]]
category = "main"
description = "File support for asyncio."
name = "aiofiles"
optional = false
python-versions = "*"
version = "0.4.0"

[[package]]
category = "main"
description = "Async http client/server framework (asyncio)"
name = "aiohttp"
optional = false
python-versions = ">=3.5.3"
version = "3.6.2"

[package.dependencies]
async-timeout = ">=3.0,<4.0"
attrs = ">=17.3.0"
chardet = ">=2.0,<4.0"
multidict = ">=4.5,<5.0"
yarl = ">=1.0,<2.0"

[[package]]
category = "dev"
description = "A small Python module for determining appropriate platform-specific dirs, e.g. a \"user data dir\"."
name = "appdirs"
optional = false
python-versions = "*"
version = "1.4.3"

[[package]]
category = "dev"
description = "Asyncio testing server. Similar to the responses library used for 'requests'"
name = "aresponses"
optional = false
python-versions = "*"
version = "1.1.1"

[package.dependencies]
aiohttp = ">=3.1.0,<4.0.0"
pytest-asyncio = "*"

[[package]]
category = "main"
description = "Timeout context manager for asyncio programs"
name = "async-timeout"
optional = false
python-versions = ">=3.5.3"
version = "3.0.1"

[[package]]
category = "dev"
description = "Enhance the standard unittest package with features for testing asyncio libraries"
name = "asynctest"
optional = false
python-versions = ">=3.5"
version = "0.13.0"

[[package]]
category = "main"
description = "Atomic file writes."
name = "atomicwrites"
optional = false
python-versions = ">=2.7, !=3.0.*, !=3.1.*, !=3.2.*, !=3.3.*"
version = "1.3.0"

[[package]]
category = "main"
description = "Classes Without Boilerplate"
name = "attrs"
optional = false
python-versions = ">=2.7, !=3.0.*, !=3.1.*, !=3.2.*, !=3.3.*"
version = "19.3.0"

[[package]]
category = "main"
description = "Internationalization utilities"
name = "babel"
optional = false
python-versions = ">=2.7, !=3.0.*, !=3.1.*, !=3.2.*, !=3.3.*"
version = "2.7.0"

[package.dependencies]
pytz = ">=2015.7"

[[package]]
category = "dev"
description = "The uncompromising code formatter."
name = "black"
optional = false
python-versions = ">=3.6"
version = "18.9b0"

[package.dependencies]
appdirs = "*"
attrs = ">=17.4.0"
click = ">=6.5"
toml = ">=0.9.4"

[[package]]
category = "main"
description = "Universal encoding detector for Python 2 and 3"
name = "chardet"
optional = false
python-versions = "*"
version = "3.0.4"

[[package]]
category = "dev"
description = "Composable command line interface toolkit"
name = "click"
optional = false
python-versions = ">=2.7, !=3.0.*, !=3.1.*, !=3.2.*, !=3.3.*"
version = "7.0"

[[package]]
category = "main"
description = "Cross-platform colored terminal text."
marker = "python_version >= \"3.5\" and sys_platform == \"win32\" or sys_platform == \"win32\""
name = "colorama"
optional = false
python-versions = ">=2.7, !=3.0.*, !=3.1.*, !=3.2.*, !=3.3.*"
version = "0.4.1"

[[package]]
category = "main"
description = "Code coverage measurement for Python"
name = "coverage"
optional = false
python-versions = ">=2.6, !=3.0.*, !=3.1.*, !=3.2.*, <4"
version = "4.5.4"

[[package]]
category = "dev"
description = "Discover and load entry points from installed packages."
name = "entrypoints"
optional = false
python-versions = ">=2.7"
version = "0.3"

[[package]]
category = "dev"
description = "the modular source code checker: pep8, pyflakes and co"
name = "flake8"
optional = false
python-versions = ">=2.7, !=3.0.*, !=3.1.*, !=3.2.*, !=3.3.*"
version = "3.7.9"

[package.dependencies]
entrypoints = ">=0.3.0,<0.4.0"
mccabe = ">=0.6.0,<0.7.0"
pycodestyle = ">=2.5.0,<2.6.0"
pyflakes = ">=2.1.0,<2.2.0"

[[package]]
category = "dev"
description = "An HTML Minifier"
name = "htmlmin"
optional = false
python-versions = "*"
version = "0.1.12"

[[package]]
category = "main"
description = "Internationalized Domain Names in Applications (IDNA)"
name = "idna"
optional = false
python-versions = ">=2.7, !=3.0.*, !=3.1.*, !=3.2.*, !=3.3.*"
version = "2.8"

[[package]]
category = "main"
description = "Read metadata from Python packages"
marker = "python_version >= \"3.5\" and python_version < \"3.8\" or python_version < \"3.8\""
name = "importlib-metadata"
optional = false
python-versions = ">=2.7,!=3.0,!=3.1,!=3.2,!=3.3"
version = "0.23"

[package.dependencies]
zipp = ">=0.5"

[[package]]
category = "dev"
description = "A Python utility / library to sort Python imports."
name = "isort"
optional = false
python-versions = ">=2.7, !=3.0.*, !=3.1.*, !=3.2.*, !=3.3.*"
version = "4.3.21"

[[package]]
category = "dev"
description = "A very fast and expressive template engine."
name = "jinja2"
optional = false
python-versions = "*"
version = "2.10.3"

[package.dependencies]
MarkupSafe = ">=0.23"

[[package]]
category = "dev"
description = "JavaScript minifier."
name = "jsmin"
optional = false
python-versions = "*"
version = "2.2.2"

[[package]]
category = "dev"
description = "Python LiveReload is an awesome tool for web developers"
name = "livereload"
optional = false
python-versions = "*"
version = "2.6.1"

[package.dependencies]
six = "*"
tornado = "*"

[[package]]
category = "main"
description = "Python implementation of Markdown."
name = "markdown"
optional = false
python-versions = ">=2.7,!=3.0.*,!=3.1.*,!=3.2.*,!=3.3.*,!=3.4.*"
version = "3.1.1"

[package.dependencies]
setuptools = ">=36"

[[package]]
category = "dev"
description = "Safely add untrusted strings to HTML/XML markup."
name = "markupsafe"
optional = false
python-versions = ">=2.7,!=3.0.*,!=3.1.*,!=3.2.*,!=3.3.*"
version = "1.1.1"

[[package]]
category = "dev"
description = "McCabe checker, plugin for flake8"
name = "mccabe"
optional = false
python-versions = "*"
version = "0.6.1"

[[package]]
category = "main"
description = "AutoDoc for MarkDown"
name = "mkautodoc"
optional = false
python-versions = ">=3.6"
version = "0.1.0"

[[package]]
category = "dev"
description = "Project documentation with Markdown."
name = "mkdocs"
optional = false
python-versions = ">=2.7.9,!=3.0.*,!=3.1.*,!=3.2.*,!=3.3.*"
version = "1.0.4"

[package.dependencies]
Jinja2 = ">=2.7.1"
Markdown = ">=2.3.1"
PyYAML = ">=3.10"
click = ">=3.3"
livereload = ">=2.5.1"
tornado = ">=5.0"

[[package]]
category = "dev"
description = "A Material Design theme for MkDocs"
name = "mkdocs-material"
optional = false
python-versions = "*"
version = "4.4.3"

[package.dependencies]
Pygments = ">=2.2"
mkdocs = ">=1"
mkdocs-minify-plugin = ">=0.2"
pymdown-extensions = ">=4.11"

[[package]]
category = "dev"
description = "An MkDocs plugin to minify HTML and/or JS files prior to being written to disk"
name = "mkdocs-minify-plugin"
optional = false
python-versions = ">=2.7"
version = "0.2.1"

[package.dependencies]
htmlmin = ">=0.1.4"
jsmin = ">=2.2.2"
mkdocs = ">=1.0.4"

[[package]]
category = "main"
description = "More routines for operating on iterables, beyond itertools"
name = "more-itertools"
optional = false
python-versions = ">=3.4"
version = "7.2.0"

[[package]]
category = "main"
description = "multidict implementation"
name = "multidict"
optional = false
python-versions = ">=3.4.1"
version = "4.5.2"

[[package]]
category = "dev"
description = "Optional static typing for Python"
name = "mypy"
optional = false
python-versions = ">=3.5"
version = "0.740"

[package.dependencies]
mypy-extensions = ">=0.4.0,<0.5.0"
typed-ast = ">=1.4.0,<1.5.0"
typing-extensions = ">=3.7.4"

[[package]]
category = "dev"
description = "Experimental type system extensions for programs checked with the mypy typechecker."
name = "mypy-extensions"
optional = false
python-versions = "*"
version = "0.4.3"

[[package]]
category = "main"
description = "Core utilities for Python packages"
name = "packaging"
optional = false
python-versions = ">=2.7, !=3.0.*, !=3.1.*, !=3.2.*, !=3.3.*"
version = "19.2"

[package.dependencies]
pyparsing = ">=2.0.2"
six = "*"

[[package]]
category = "main"
description = "Backport of PEP 562."
name = "pep562"
optional = false
python-versions = "*"
version = "1.0"

[[package]]
category = "main"
description = "plugin and hook calling mechanisms for python"
name = "pluggy"
optional = false
python-versions = ">=2.7, !=3.0.*, !=3.1.*, !=3.2.*, !=3.3.*"
version = "0.13.0"

[package.dependencies]
[package.dependencies.importlib-metadata]
python = "<3.8"
version = ">=0.12"

[[package]]
category = "main"
description = "library with cross-python path, ini-parsing, io, code, log facilities"
name = "py"
optional = false
python-versions = ">=2.7, !=3.0.*, !=3.1.*, !=3.2.*, !=3.3.*"
version = "1.8.0"

[[package]]
category = "dev"
description = "Python style guide checker"
name = "pycodestyle"
optional = false
python-versions = ">=2.7, !=3.0.*, !=3.1.*, !=3.2.*, !=3.3.*"
version = "2.5.0"

[[package]]
category = "main"
description = "Data validation and settings management using python 3.6 type hinting"
name = "pydantic"
optional = false
python-versions = ">=3.6"
version = "1.1"

[[package]]
category = "dev"
description = "passive checker of Python programs"
name = "pyflakes"
optional = false
python-versions = ">=2.7, !=3.0.*, !=3.1.*, !=3.2.*, !=3.3.*"
version = "2.1.1"

[[package]]
category = "dev"
description = "Pygments is a syntax highlighting package written in Python."
name = "pygments"
optional = false
python-versions = ">=2.7, !=3.0.*, !=3.1.*, !=3.2.*, !=3.3.*, !=3.4.*"
version = "2.4.2"

[[package]]
category = "main"
description = "Extension pack for Python Markdown."
name = "pymdown-extensions"
optional = false
python-versions = ">=2.7,!=3.0.*,!=3.1.*,!=3.2.*,!=3.3.*,!=3.4.*"
version = "6.1"

[package.dependencies]
Markdown = ">=3.0.1"
pep562 = "*"

[[package]]
category = "main"
description = "Python parsing module"
name = "pyparsing"
optional = false
python-versions = ">=2.6, !=3.0.*, !=3.1.*, !=3.2.*"
version = "2.4.5"

[[package]]
category = "main"
description = "pytest: simple powerful testing with Python"
name = "pytest"
optional = false
python-versions = ">=3.5"
version = "5.2.3"

[package.dependencies]
atomicwrites = ">=1.0"
attrs = ">=17.4.0"
colorama = "*"
more-itertools = ">=4.0.0"
packaging = "*"
pluggy = ">=0.12,<1.0"
py = ">=1.5.0"
wcwidth = "*"

[package.dependencies.importlib-metadata]
python = "<3.8"
version = ">=0.12"

[[package]]
category = "dev"
description = "Pytest support for asyncio."
name = "pytest-asyncio"
optional = false
python-versions = ">= 3.5"
version = "0.10.0"

[package.dependencies]
pytest = ">=3.0.6"

[[package]]
category = "main"
description = "Pytest plugin for measuring coverage."
name = "pytest-cov"
optional = false
python-versions = ">=2.7, !=3.0.*, !=3.1.*, !=3.2.*, !=3.3.*"
version = "2.8.1"

[package.dependencies]
coverage = ">=4.4"
pytest = ">=3.6"

[[package]]
category = "main"
description = "Thin-wrapper around the mock package for easier use with py.test"
name = "pytest-mock"
optional = false
python-versions = ">=2.7, !=3.0.*, !=3.1.*, !=3.2.*, !=3.3.*"
version = "1.11.2"

[package.dependencies]
pytest = ">=2.7"

[[package]]
category = "dev"
description = "Mypy static type checker plugin for Pytest"
name = "pytest-mypy"
optional = false
python-versions = "~=3.4"
version = "0.4.2"

[package.dependencies]
[[package.dependencies.mypy]]
python = ">=3.5,<3.8"
version = ">=0.500"

[[package.dependencies.mypy]]
python = ">=3.8"
version = ">=0.700"

[package.dependencies.pytest]
python = ">=3.5"
version = ">=2.8"

[[package]]
category = "main"
description = "World timezone definitions, modern and historical"
name = "pytz"
optional = false
python-versions = "*"
version = "2019.3"

[[package]]
category = "dev"
description = "YAML parser and emitter for Python"
name = "pyyaml"
optional = false
python-versions = ">=2.7, !=3.0.*, !=3.1.*, !=3.2.*, !=3.3.*"
version = "5.1.2"

[[package]]
category = "main"
description = "Python 2 and 3 compatibility utilities"
name = "six"
optional = false
python-versions = ">=2.6, !=3.0.*, !=3.1.*"
version = "1.13.0"

[[package]]
category = "dev"
description = "Python Library for Tom's Obvious, Minimal Language"
name = "toml"
optional = false
python-versions = "*"
version = "0.10.0"

[[package]]
category = "dev"
description = "Tornado is a Python web framework and asynchronous networking library, originally developed at FriendFeed."
name = "tornado"
optional = false
python-versions = ">= 3.5"
version = "6.0.3"

[[package]]
category = "dev"
description = "a fork of Python 2 and 3 ast modules with type comment support"
name = "typed-ast"
optional = false
python-versions = "*"
version = "1.4.0"

[[package]]
category = "dev"
description = "Backported and Experimental Type Hints for Python 3.5+"
name = "typing-extensions"
optional = false
python-versions = "*"
version = "3.7.4.1"

[[package]]
category = "dev"
description = "Fast implementation of asyncio event loop on top of libuv"
name = "uvloop"
optional = false
python-versions = "*"
version = "0.14.0"

[[package]]
category = "main"
description = "Measures number of Terminal column cells of wide-character codes"
name = "wcwidth"
optional = false
python-versions = "*"
version = "0.1.7"

[[package]]
category = "main"
description = "Yet another URL library"
name = "yarl"
optional = false
python-versions = ">=3.5.3"
version = "1.3.0"

[package.dependencies]
idna = ">=2.0"
multidict = ">=4.0"

[[package]]
category = "main"
description = "Backport of pathlib-compatible object wrapper for zip files"
marker = "python_version >= \"3.5\" and python_version < \"3.8\" or python_version < \"3.8\""
name = "zipp"
optional = false
python-versions = ">=2.7"
version = "0.6.0"

[package.dependencies]
more-itertools = "*"

[metadata]
content-hash = "d474927e760afc0dee66f6dc3a9f1b1a9faae032353b01cb739509e34938d414"
python-versions = "^3.7"

[metadata.hashes]
aiofiles = ["021ea0ba314a86027c166ecc4b4c07f2d40fc0f4b3a950d1868a0f2571c2bbee", "1e644c2573f953664368de28d2aa4c89dfd64550429d0c27c4680ccd3aa4985d"]
aiohttp = ["1e984191d1ec186881ffaed4581092ba04f7c61582a177b187d3a2f07ed9719e", "259ab809ff0727d0e834ac5e8a283dc5e3e0ecc30c4d80b3cd17a4139ce1f326", "2f4d1a4fdce595c947162333353d4a44952a724fba9ca3205a3df99a33d1307a", "32e5f3b7e511aa850829fbe5aa32eb455e5534eaa4b1ce93231d00e2f76e5654", "344c780466b73095a72c616fac5ea9c4665add7fc129f285fbdbca3cccf4612a", "460bd4237d2dbecc3b5ed57e122992f60188afe46e7319116da5eb8a9dfedba4", "4c6efd824d44ae697814a2a85604d8e992b875462c6655da161ff18fd4f29f17", "50aaad128e6ac62e7bf7bd1f0c0a24bc968a0c0590a726d5a955af193544bcec", "6206a135d072f88da3e71cc501c59d5abffa9d0bb43269a6dcd28d66bfafdbdd", "65f31b622af739a802ca6fd1a3076fd0ae523f8485c52924a89561ba10c49b48", "ae55bac364c405caa23a4f2d6cfecc6a0daada500274ffca4a9230e7129eac59", "b778ce0c909a2653741cb4b1ac7015b5c130ab9c897611df43ae6a58523cb965"]
appdirs = ["9e5896d1372858f8dd3344faf4e5014d21849c756c8d5701f78f8a103b372d92", "d8b24664561d0d34ddfaec54636d502d7cea6e29c3eaf68f3df6180863e2166e"]
aresponses = ["d1d6ef52b9a97142d106688cf9b112602ef3dc66f6368de8f91f47241d8cfc9c", "f62bcdd739612b6254dd552467b5897a81dcf785e4bb48463bf71e40df398580"]
async-timeout = ["0c3c816a028d47f659d6ff5c745cb2acf1f966da1fe5c19c77a70282b25f4c5f", "4291ca197d287d274d0b6cb5d6f8f8f82d434ed288f962539ff18cc9012f9ea3"]
asynctest = ["5da6118a7e6d6b54d83a8f7197769d046922a44d2a99c21382f0a6e4fadae676", "c27862842d15d83e6a34eb0b2866c323880eb3a75e4485b079ea11748fd77fac"]
atomicwrites = ["03472c30eb2c5d1ba9227e4c2ca66ab8287fbfbbda3888aa93dc2e28fc6811b4", "75a9445bac02d8d058d5e1fe689654ba5a6556a1dfd8ce6ec55a0ed79866cfa6"]
attrs = ["08a96c641c3a74e44eb59afb61a24f2cb9f4d7188748e76ba4bb5edfa3cb7d1c", "f7b7ce16570fe9965acd6d30101a28f62fb4a7f9e926b3bbc9b61f8b04247e72"]
babel = ["af92e6106cb7c55286b25b38ad7695f8b4efb36a90ba483d7f7a6628c46158ab", "e86135ae101e31e2c8ec20a4e0c5220f4eed12487d5cf3f78be7e98d3a57fc28"]
black = ["817243426042db1d36617910df579a54f1afd659adb96fc5032fcf4b36209739", "e030a9a28f542debc08acceb273f228ac422798e5215ba2a791a6ddeaaca22a5"]
chardet = ["84ab92ed1c4d4f16916e05906b6b75a6c0fb5db821cc65e70cbd64a3e2a5eaae", "fc323ffcaeaed0e0a02bf4d117757b98aed530d9ed4531e3e15460124c106691"]
click = ["2335065e6395b9e67ca716de5f7526736bfa6ceead690adf616d925bdc622b13", "5b94b49521f6456670fdb30cd82a4eca9412788a93fa6dd6df72c94d5a8ff2d7"]
colorama = ["05eed71e2e327246ad6b38c540c4a3117230b19679b875190486ddd2d721422d", "f8ac84de7840f5b9c4e3347b3c1eaa50f7e49c2b07596221daec5edaabbd7c48"]
coverage = ["08907593569fe59baca0bf152c43f3863201efb6113ecb38ce7e97ce339805a6", "0be0f1ed45fc0c185cfd4ecc19a1d6532d72f86a2bac9de7e24541febad72650", "141f08ed3c4b1847015e2cd62ec06d35e67a3ac185c26f7635f4406b90afa9c5", "19e4df788a0581238e9390c85a7a09af39c7b539b29f25c89209e6c3e371270d", "23cc09ed395b03424d1ae30dcc292615c1372bfba7141eb85e11e50efaa6b351", "245388cda02af78276b479f299bbf3783ef0a6a6273037d7c60dc73b8d8d7755", "331cb5115673a20fb131dadd22f5bcaf7677ef758741312bee4937d71a14b2ef", "386e2e4090f0bc5df274e720105c342263423e77ee8826002dcffe0c9533dbca", "3a794ce50daee01c74a494919d5ebdc23d58873747fa0e288318728533a3e1ca", "60851187677b24c6085248f0a0b9b98d49cba7ecc7ec60ba6b9d2e5574ac1ee9", "63a9a5fc43b58735f65ed63d2cf43508f462dc49857da70b8980ad78d41d52fc", "6b62544bb68106e3f00b21c8930e83e584fdca005d4fffd29bb39fb3ffa03cb5", "6ba744056423ef8d450cf627289166da65903885272055fb4b5e113137cfa14f", "7494b0b0274c5072bddbfd5b4a6c6f18fbbe1ab1d22a41e99cd2d00c8f96ecfe", "826f32b9547c8091679ff292a82aca9c7b9650f9fda3e2ca6bf2ac905b7ce888", "93715dffbcd0678057f947f496484e906bf9509f5c1c38fc9ba3922893cda5f5", "9a334d6c83dfeadae576b4d633a71620d40d1c379129d587faa42ee3e2a85cce", "af7ed8a8aa6957aac47b4268631fa1df984643f07ef00acd374e456364b373f5", "bf0a7aed7f5521c7ca67febd57db473af4762b9622254291fbcbb8cd0ba5e33e", "bf1ef9eb901113a9805287e090452c05547578eaab1b62e4ad456fcc049a9b7e", "c0afd27bc0e307a1ffc04ca5ec010a290e49e3afbe841c5cafc5c5a80ecd81c9", "dd579709a87092c6dbee09d1b7cfa81831040705ffa12a1b248935274aee0437", "df6712284b2e44a065097846488f66840445eb987eb81b3cc6e4149e7b6982e1", "e07d9f1a23e9e93ab5c62902833bf3e4b1f65502927379148b6622686223125c", "e2ede7c1d45e65e209d6093b762e98e8318ddeff95317d07a27a2140b80cfd24", "e4ef9c164eb55123c62411f5936b5c2e521b12356037b6e1c2617cef45523d47", "eca2b7343524e7ba246cab8ff00cab47a2d6d54ada3b02772e908a45675722e2", "eee64c616adeff7db37cc37da4180a3a5b6177f5c46b187894e633f088fb5b28", "ef824cad1f980d27f26166f86856efe11eff9912c4fed97d3804820d43fa550c", "efc89291bd5a08855829a3c522df16d856455297cf35ae827a37edac45f466a7", "fa964bae817babece5aa2e8c1af841bebb6d0b9add8e637548809d040443fee0", "ff37757e068ae606659c28c3bd0d923f9d29a85de79bf25b2b34b148473b5025"]
entrypoints = ["589f874b313739ad35be6e0cd7efde2a4e9b6fea91edcc34e58ecbb8dbe56d19", "c70dd71abe5a8c85e55e12c19bd91ccfeec11a6e99044204511f9ed547d48451"]
flake8 = ["45681a117ecc81e870cbf1262835ae4af5e7a8b08e40b944a8a6e6b895914cfb", "49356e766643ad15072a789a20915d3c91dc89fd313ccd71802303fd67e4deca"]
htmlmin = ["50c1ef4630374a5d723900096a961cff426dff46b48f34d194a81bbe14eca178"]
idna = ["c357b3f628cf53ae2c4c05627ecc484553142ca23264e593d327bcde5e9c3407", "ea8b7f6188e6fa117537c3df7da9fc686d485087abf6ac197f9c46432f7e4a3c"]
importlib-metadata = ["aa18d7378b00b40847790e7c27e11673d7fed219354109d0e7b9e5b25dc3ad26", "d5f18a79777f3aa179c145737780282e27b508fc8fd688cb17c7a813e8bd39af"]
isort = ["54da7e92468955c4fceacd0c86bd0ec997b0e1ee80d97f67c35a78b719dccab1", "6e811fcb295968434526407adb8796944f1988c5b65e8139058f2014cbe100fd"]
jinja2 = ["74320bb91f31270f9551d46522e33af46a80c3d619f4a4bf42b3164d30b5911f", "9fe95f19286cfefaa917656583d020be14e7859c6b0252588391e47db34527de"]
jsmin = ["b6df99b2cd1c75d9d342e4335b535789b8da9107ec748212706ef7bbe5c2553b"]
livereload = ["78d55f2c268a8823ba499305dcac64e28ddeb9a92571e12d543cd304faf5817b", "89254f78d7529d7ea0a3417d224c34287ebfe266b05e67e51facaf82c27f0f66"]
markdown = ["2e50876bcdd74517e7b71f3e7a76102050edec255b3983403f1a63e7c8a41e7a", "56a46ac655704b91e5b7e6326ce43d5ef72411376588afa1dd90e881b83c7e8c"]
markupsafe = ["00bc623926325b26bb9605ae9eae8a215691f33cae5df11ca5424f06f2d1f473", "09027a7803a62ca78792ad89403b1b7a73a01c8cb65909cd876f7fcebd79b161", "09c4b7f37d6c648cb13f9230d847adf22f8171b1ccc4d5682398e77f40309235", "1027c282dad077d0bae18be6794e6b6b8c91d58ed8a8d89a89d59693b9131db5", "24982cc2533820871eba85ba648cd53d8623687ff11cbb805be4ff7b4c971aff", "29872e92839765e546828bb7754a68c418d927cd064fd4708fab9fe9c8bb116b", "43a55c2930bbc139570ac2452adf3d70cdbb3cfe5912c71cdce1c2c6bbd9c5d1", "46c99d2de99945ec5cb54f23c8cd5689f6d7177305ebff350a58ce5f8de1669e", "500d4957e52ddc3351cabf489e79c91c17f6e0899158447047588650b5e69183", "535f6fc4d397c1563d08b88e485c3496cf5784e927af890fb3c3aac7f933ec66", "62fe6c95e3ec8a7fad637b7f3d372c15ec1caa01ab47926cfdf7a75b40e0eac1", "6dd73240d2af64df90aa7c4e7481e23825ea70af4b4922f8ede5b9e35f78a3b1", "717ba8fe3ae9cc0006d7c451f0bb265ee07739daf76355d06366154ee68d221e", "79855e1c5b8da654cf486b830bd42c06e8780cea587384cf6545b7d9ac013a0b", "7c1699dfe0cf8ff607dbdcc1e9b9af1755371f92a68f706051cc8c37d447c905", "88e5fcfb52ee7b911e8bb6d6aa2fd21fbecc674eadd44118a9cc3863f938e735", "8defac2f2ccd6805ebf65f5eeb132adcf2ab57aa11fdf4c0dd5169a004710e7d", "98c7086708b163d425c67c7a91bad6e466bb99d797aa64f965e9d25c12111a5e", "9add70b36c5666a2ed02b43b335fe19002ee5235efd4b8a89bfcf9005bebac0d", "9bf40443012702a1d2070043cb6291650a0841ece432556f784f004937f0f32c", "ade5e387d2ad0d7ebf59146cc00c8044acbd863725f887353a10df825fc8ae21", "b00c1de48212e4cc9603895652c5c410df699856a2853135b3967591e4beebc2", "b1282f8c00509d99fef04d8ba936b156d419be841854fe901d8ae224c59f0be5", "b2051432115498d3562c084a49bba65d97cf251f5a331c64a12ee7e04dacc51b", "ba59edeaa2fc6114428f1637ffff42da1e311e29382d81b339c1817d37ec93c6", "c8716a48d94b06bb3b2524c2b77e055fb313aeb4ea620c8dd03a105574ba704f", "cd5df75523866410809ca100dc9681e301e3c27567cf498077e8551b6d20e42f", "e249096428b3ae81b08327a63a485ad0878de3fb939049038579ac0ef61e17e7"]
mccabe = ["ab8a6258860da4b6677da4bd2fe5dc2c659cff31b3ee4f7f5d64e79735b80d42", "dd8d182285a0fe56bace7f45b5e7d1a6ebcbf524e8f3bd87eb0f125271b8831f"]
mkautodoc = ["7c2595f40276b356e576ce7e343338f8b4fa1e02ea904edf33fadf82b68ca67c"]
mkdocs = ["17d34329aad75d5de604b9ed4e31df3a4d235afefdc46ce7b1964fddb2e1e939", "8cc8b38325456b9e942c981a209eaeb1e9f3f77b493ad755bfef889b9c8d356a"]
mkdocs-material = ["a5246b550299d00a135a3f739e70ac6db73d7127480f0fecbda113d0095a674a", "e4a9ac73db7c65fdae1dbd248091e4b0a3f5db3e6bf87a46bb457db013a045e4"]
mkdocs-minify-plugin = ["3000a5069dd0f42f56a8aaf7fd5ea1222c67487949617e39585d6b6434b074b6", "d54fdd5be6843dd29fd7af2f7fdd20a9eb4db46f1f6bed914e03b2f58d2d488e"]
more-itertools = ["409cd48d4db7052af495b09dec721011634af3753ae1ef92d2b32f73a745f832", "92b8c4b06dac4f0611c0729b2f2ede52b2e1bac1ab48f089c7ddc12e26bb60c4"]
multidict = ["024b8129695a952ebd93373e45b5d341dbb87c17ce49637b34000093f243dd4f", "041e9442b11409be5e4fc8b6a97e4bcead758ab1e11768d1e69160bdde18acc3", "045b4dd0e5f6121e6f314d81759abd2c257db4634260abcfe0d3f7083c4908ef", "047c0a04e382ef8bd74b0de01407e8d8632d7d1b4db6f2561106af812a68741b", "068167c2d7bbeebd359665ac4fff756be5ffac9cda02375b5c5a7c4777038e73", "148ff60e0fffa2f5fad2eb25aae7bef23d8f3b8bdaf947a65cdbe84a978092bc", "1d1c77013a259971a72ddaa83b9f42c80a93ff12df6a4723be99d858fa30bee3", "1d48bc124a6b7a55006d97917f695effa9725d05abe8ee78fd60d6588b8344cd", "31dfa2fc323097f8ad7acd41aa38d7c614dd1960ac6681745b6da124093dc351", "34f82db7f80c49f38b032c5abb605c458bac997a6c3142e0d6c130be6fb2b941", "3d5dd8e5998fb4ace04789d1d008e2bb532de501218519d70bb672c4c5a2fc5d", "4a6ae52bd3ee41ee0f3acf4c60ceb3f44e0e3bc52ab7da1c2b2aa6703363a3d1", "4b02a3b2a2f01d0490dd39321c74273fed0568568ea0e7ea23e02bd1fb10a10b", "4b843f8e1dd6a3195679d9838eb4670222e8b8d01bc36c9894d6c3538316fa0a", "5de53a28f40ef3c4fd57aeab6b590c2c663de87a5af76136ced519923d3efbb3", "61b2b33ede821b94fa99ce0b09c9ece049c7067a33b279f343adfe35108a4ea7", "6a3a9b0f45fd75dc05d8e93dc21b18fc1670135ec9544d1ad4acbcf6b86781d0", "76ad8e4c69dadbb31bad17c16baee61c0d1a4a73bed2590b741b2e1a46d3edd0", "7ba19b777dc00194d1b473180d4ca89a054dd18de27d0ee2e42a103ec9b7d014", "7c1b7eab7a49aa96f3db1f716f0113a8a2e93c7375dd3d5d21c4941f1405c9c5", "7fc0eee3046041387cbace9314926aa48b681202f8897f8bff3809967a049036", "8ccd1c5fff1aa1427100ce188557fc31f1e0a383ad8ec42c559aabd4ff08802d", "8e08dd76de80539d613654915a2f5196dbccc67448df291e69a88712ea21e24a", "c18498c50c59263841862ea0501da9f2b3659c00db54abfbf823a80787fde8ce", "c49db89d602c24928e68c0d510f4fcf8989d77defd01c973d6cbe27e684833b1", "ce20044d0317649ddbb4e54dab3c1bcc7483c78c27d3f58ab3d0c7e6bc60d26a", "d1071414dd06ca2eafa90c85a079169bfeb0e5f57fd0b45d44c092546fcd6fd9", "d3be11ac43ab1a3e979dac80843b42226d5d3cccd3986f2e03152720a4297cd7", "db603a1c235d110c860d5f39988ebc8218ee028f07a7cbc056ba6424372ca31b"]
mypy = ["1521c186a3d200c399bd5573c828ea2db1362af7209b2adb1bb8532cea2fb36f", "31a046ab040a84a0fc38bc93694876398e62bc9f35eca8ccbf6418b7297f4c00", "3b1a411909c84b2ae9b8283b58b48541654b918e8513c20a400bb946aa9111ae", "48c8bc99380575deb39f5d3400ebb6a8a1cb5cc669bbba4d3bb30f904e0a0e7d", "540c9caa57a22d0d5d3c69047cc9dd0094d49782603eb03069821b41f9e970e9", "672e418425d957e276c291930a3921b4a6413204f53fe7c37cad7bc57b9a3391", "6ed3b9b3fdc7193ea7aca6f3c20549b377a56f28769783a8f27191903a54170f", "9371290aa2cad5ad133e4cdc43892778efd13293406f7340b9ffe99d5ec7c1d9", "ace6ac1d0f87d4072f05b5468a084a45b4eda970e4d26704f201e06d47ab2990", "b428f883d2b3fe1d052c630642cc6afddd07d5cd7873da948644508be3b9d4a7", "d5bf0e6ec8ba346a2cf35cb55bf4adfddbc6b6576fcc9e10863daa523e418dbb", "d7574e283f83c08501607586b3167728c58e8442947e027d2d4c7dcd6d82f453", "dc889c84241a857c263a2b1cd1121507db7d5b5f5e87e77147097230f374d10b", "f4748697b349f373002656bf32fede706a0e713d67bfdcf04edf39b1f61d46eb"]
mypy-extensions = ["090fedd75945a69ae91ce1303b5824f428daf5a028d2f6ab8a299250a846f15d", "2d82818f5bb3e369420cb3c4060a7970edba416647068eb4c5343488a6c604a8"]
packaging = ["28b924174df7a2fa32c1953825ff29c61e2f5e082343165438812f00d3a7fc47", "d9551545c6d761f3def1677baf08ab2a3ca17c56879e70fecba2fc4dde4ed108"]
pep562 = ["58cb1cc9ee63d93e62b4905a50357618d526d289919814bea1f0da8f53b79395", "d2a48b178ebf5f8dd31709cc26a19808ef794561fa2fe50ea01ea2bad4d667ef"]
pluggy = ["0db4b7601aae1d35b4a033282da476845aa19185c1e6964b25cf324b5e4ec3e6", "fa5fa1622fa6dd5c030e9cad086fa19ef6a0cf6d7a2d12318e10cb49d6d68f34"]
py = ["64f65755aee5b381cea27766a3a147c3f15b9b6b9ac88676de66ba2ae36793fa", "dc639b046a6e2cff5bbe40194ad65936d6ba360b52b3c3fe1d08a82dd50b5e53"]
pycodestyle = ["95a2219d12372f05704562a14ec30bc76b05a5b297b21a5dfe3f6fac3491ae56", "e40a936c9a450ad81df37f549d676d127b1b66000a6c500caa2b085bc0ca976c"]
pydantic = ["2588e5c68b7927fd44c4bf2c5768cdaff7948fc4ae0e3f602376b76b1913c3b0", "2d8d8c14b6349066e27aca9bfd3fb973fb2c45a860a6ba83fbea16ee42efbfd1", "40b62f5e8db4957221e4aa06cea015c4a74740405edea0e11def4c6418e7c62c", "43f8ac74e114aaac0d844040fea971fc6c53434f24cee2e1aa0486e6601817b4", "4f3baf0b4ef8f68021186448efddbcc259ed473e18acf4433ef75dd13d795594", "f85a63028003d8778dc3bf27c5c5cd25da64593422ab82a696cca32b1ce3e750"]
pyflakes = ["17dbeb2e3f4d772725c777fabc446d5634d1038f234e77343108ce445ea69ce0", "d976835886f8c5b31d47970ed689944a0262b5f3afa00a5a7b4dc81e5449f8a2"]
pygments = ["71e430bc85c88a430f000ac1d9b331d2407f681d6f6aec95e8bcfbc3df5b0127", "881c4c157e45f30af185c1ffe8d549d48ac9127433f2c380c24b84572ad66297"]
pymdown-extensions = ["24c1a0afbae101c4e2b2675ff4dd936470a90133f93398b9cbe0c855e2d2ec10", "960486dea995f1759dfd517aa140b3d851cd7b44d4c48d276fd2c74fc4e1bce9"]
pyparsing = ["20f995ecd72f2a1f4bf6b072b63b22e2eb457836601e76d6e5dfcd75436acc1f", "4ca62001be367f01bd3e92ecbb79070272a9d4964dce6a48a82ff0b8bc7e683a"]
pytest = ["15837d2880cb94821087bc07476892ea740696b20e90288fd6c19e44b435abdb", "b6cf7ad9064049ee486586b3a0ddd70dc5136c40e1147e7d286efd77ba66c5eb"]
pytest-asyncio = ["9fac5100fd716cbecf6ef89233e8590a4ad61d729d1732e0a96b84182df1daaf", "d734718e25cfc32d2bf78d346e99d33724deeba774cc4afdf491530c6184b63b"]
pytest-cov = ["cc6742d8bac45070217169f5f72ceee1e0e55b0221f54bcf24845972d3a47f2b", "cdbdef4f870408ebdbfeb44e63e07eb18bb4619fae852f6e760645fa36172626"]
pytest-mock = ["b3514caac35fe3f05555923eabd9546abce11571cc2ddf7d8615959d04f2c89e", "ea502c3891599c26243a3a847ccf0b1d20556678c528f86c98e3cd6d40c5cf11"]
pytest-mypy = ["3b7b56912d55439d5f447cc609f91caac7f74f0f1c89f1379d04f06bac777c32", "5a5338cecff17f005b181546a13e282761754b481225df37f33d37f86ac5b304"]
pytz = ["1c557d7d0e871de1f5ccd5833f60fb2550652da6be2693c1e02300743d21500d", "b02c06db6cf09c12dd25137e563b31700d3b80fcc4ad23abb7a315f2789819be"]
pyyaml = ["0113bc0ec2ad727182326b61326afa3d1d8280ae1122493553fd6f4397f33df9", "01adf0b6c6f61bd11af6e10ca52b7d4057dd0be0343eb9283c878cf3af56aee4", "5124373960b0b3f4aa7df1707e63e9f109b5263eca5976c66e08b1c552d4eaf8", "5ca4f10adbddae56d824b2c09668e91219bb178a1eee1faa56af6f99f11bf696", "7907be34ffa3c5a32b60b95f4d95ea25361c951383a894fec31be7252b2b6f34", "7ec9b2a4ed5cad025c2278a1e6a19c011c80a3caaac804fd2d329e9cc2c287c9", "87ae4c829bb25b9fe99cf71fbb2140c448f534e24c998cc60f39ae4f94396a73", "9de9919becc9cc2ff03637872a440195ac4241c80536632fffeb6a1e25a74299", "a5a85b10e450c66b49f98846937e8cfca1db3127a9d5d1e31ca45c3d0bef4c5b", "b0997827b4f6a7c286c01c5f60384d218dca4ed7d9efa945c3e1aa623d5709ae", "b631ef96d3222e62861443cc89d6563ba3eeb816eeb96b2629345ab795e53681", "bf47c0607522fdbca6c9e817a6e81b08491de50f3766a7a0e6a5be7905961b41", "f81025eddd0327c7d4cfe9b62cf33190e1e736cc6e97502b3ec425f574b3e7a8"]
six = ["1f1b7d42e254082a9db6279deae68afb421ceba6158efa6131de7b3003ee93fd", "30f610279e8b2578cab6db20741130331735c781b56053c59c4076da27f06b66"]
toml = ["229f81c57791a41d65e399fc06bf0848bab550a9dfd5ed66df18ce5f05e73d5c", "235682dd292d5899d361a811df37e04a8828a5b1da3115886b73cf81ebc9100e", "f1db651f9657708513243e61e6cc67d101a39bad662eaa9b5546f789338e07a3"]
tornado = ["349884248c36801afa19e342a77cc4458caca694b0eda633f5878e458a44cb2c", "398e0d35e086ba38a0427c3b37f4337327231942e731edaa6e9fd1865bbd6f60", "4e73ef678b1a859f0cb29e1d895526a20ea64b5ffd510a2307b5998c7df24281", "559bce3d31484b665259f50cd94c5c28b961b09315ccd838f284687245f416e5", "abbe53a39734ef4aba061fca54e30c6b4639d3e1f59653f0da37a0003de148c7", "c845db36ba616912074c5b1ee897f8e0124df269468f25e4fe21fe72f6edd7a9", "c9399267c926a4e7c418baa5cbe91c7d1cf362d505a1ef898fde44a07c9dd8a5"]
typed-ast = ["1170afa46a3799e18b4c977777ce137bb53c7485379d9706af8a59f2ea1aa161", "18511a0b3e7922276346bcb47e2ef9f38fb90fd31cb9223eed42c85d1312344e", "262c247a82d005e43b5b7f69aff746370538e176131c32dda9cb0f324d27141e", "2b907eb046d049bcd9892e3076c7a6456c93a25bebfe554e931620c90e6a25b0", "354c16e5babd09f5cb0ee000d54cfa38401d8b8891eefa878ac772f827181a3c", "48e5b1e71f25cfdef98b013263a88d7145879fbb2d5185f2a0c79fa7ebbeae47", "4e0b70c6fc4d010f8107726af5fd37921b666f5b31d9331f0bd24ad9a088e631", "630968c5cdee51a11c05a30453f8cd65e0cc1d2ad0d9192819df9978984529f4", "66480f95b8167c9c5c5c87f32cf437d585937970f3fc24386f313a4c97b44e34", "71211d26ffd12d63a83e079ff258ac9d56a1376a25bc80b1cdcdf601b855b90b", "7954560051331d003b4e2b3eb822d9dd2e376fa4f6d98fee32f452f52dd6ebb2", "838997f4310012cf2e1ad3803bce2f3402e9ffb71ded61b5ee22617b3a7f6b6e", "95bd11af7eafc16e829af2d3df510cecfd4387f6453355188342c3e79a2ec87a", "bc6c7d3fa1325a0c6613512a093bc2a2a15aeec350451cbdf9e1d4bffe3e3233", "cc34a6f5b426748a507dd5d1de4c1978f2eb5626d51326e43280941206c209e1", "d755f03c1e4a51e9b24d899561fec4ccaf51f210d52abdf8c07ee2849b212a36", "d7c45933b1bdfaf9f36c579671fec15d25b06c8398f113dab64c18ed1adda01d", "d896919306dd0aa22d0132f62a1b78d11aaf4c9fc5b3410d3c666b818191630a", "fdc1c9bbf79510b76408840e009ed65958feba92a88833cdceecff93ae8fff66", "ffde2fbfad571af120fcbfbbc61c72469e72f550d676c3342492a9dfdefb8f12"]
typing-extensions = ["091ecc894d5e908ac75209f10d5b4f118fbdb2eb1ede6a63544054bb1edb41f2", "910f4656f54de5993ad9304959ce9bb903f90aadc7c67a0bef07e678014e892d", "cf8b63fedea4d89bab840ecbb93e75578af28f76f66c35889bd7065f5af88575"]
uvloop = ["08b109f0213af392150e2fe6f81d33261bb5ce968a288eb698aad4f46eb711bd", "123ac9c0c7dd71464f58f1b4ee0bbd81285d96cdda8bc3519281b8973e3a461e", "4315d2ec3ca393dd5bc0b0089d23101276778c304d42faff5dc4579cb6caef09", "4544dcf77d74f3a84f03dd6278174575c44c67d7165d4c42c71db3fdc3860726", "afd5513c0ae414ec71d24f6f123614a80f3d27ca655a4fcf6cabe50994cc1891", "b4f591aa4b3fa7f32fb51e2ee9fea1b495eb75b0b3c8d0ca52514ad675ae63f7", "bcac356d62edd330080aed082e78d4b580ff260a677508718f88016333e2c9c5", "e7514d7a48c063226b7d06617cbb12a14278d4323a065a8d46a7962686ce2e95", "f07909cd9fc08c52d294b1570bba92186181ca01fe3dc9ffba68955273dd7362"]
wcwidth = ["3df37372226d6e63e1b1e1eda15c594bca98a22d33a23832a90998faa96bc65e", "f4ebe71925af7b40a864553f761ed559b43544f8f71746c2d756c7fe788ade7c"]
yarl = ["024ecdc12bc02b321bc66b41327f930d1c2c543fa9a561b39861da9388ba7aa9", "2f3010703295fbe1aec51023740871e64bb9664c789cba5a6bdf404e93f7568f", "3890ab952d508523ef4881457c4099056546593fa05e93da84c7250516e632eb", "3e2724eb9af5dc41648e5bb304fcf4891adc33258c6e14e2a7414ea32541e320", "5badb97dd0abf26623a9982cd448ff12cb39b8e4c94032ccdedf22ce01a64842", "73f447d11b530d860ca1e6b582f947688286ad16ca42256413083d13f260b7a0", "7ab825726f2940c16d92aaec7d204cfc34ac26c0040da727cf8ba87255a33829", "b25de84a8c20540531526dfbb0e2d2b648c13fd5dd126728c496d7c3fea33310", "c6e341f5a6562af74ba55205dbd56d248daf1b5748ec48a0200ba227bb9e33f4", "c9bb7c249c4432cd47e75af3864bc02d26c9594f49c82e2a28624417f0ae63b8", "e060906c0c585565c718d1c3841747b61c5439af2211e185f6739a9412dfbde1"]
zipp = ["3718b1cbcd963c7d4c5511a8240812904164b7f381b647143a89d3b98f9bcd8e", "f06903e9f1f43b12d371004b4ac7b06ab39a44adc747266928ae6debfa7b3335"]
